
Microsoft Visual Studio Solution File, Format Version 12.00
# Visual Studio 15
VisualStudioVersion = 15.0.28307.106
MinimumVisualStudioVersion = 10.0.40219.1
Project("{FAE04EC0-301F-11D3-BF4B-00C04F79EFBC}") = "TestCollection", "TestCollection.csproj", "{AC139044-6A53-449B-A689-1CCAD66B24A7}"
EndProject
Global
	GlobalSection(SolutionConfigurationPlatforms) = preSolution
		Debug|Any CPU = Debug|Any CPU
		Release|Any CPU = Release|Any CPU
	EndGlobalSection
	GlobalSection(ProjectConfigurationPlatforms) = postSolution
		{AC139044-6A53-449B-A689-1CCAD66B24A7}.Debug|Any CPU.ActiveCfg = Debug|Any CPU
		{AC139044-6A53-449B-A689-1CCAD66B24A7}.Debug|Any CPU.Build.0 = Debug|Any CPU
		{AC139044-6A53-449B-A689-1CCAD66B24A7}.Release|Any CPU.ActiveCfg = Release|Any CPU
		{AC139044-6A53-449B-A689-1CCAD66B24A7}.Release|Any CPU.Build.0 = Release|Any CPU
	EndGlobalSection
	GlobalSection(SolutionProperties) = preSolution
		HideSolutionNode = FALSE
	EndGlobalSection
	GlobalSection(ExtensibilityGlobals) = postSolution
		SolutionGuid = {2CB98D31-BD54-4001-85E0-CAACFD517BE5}
	EndGlobalSection
EndGlobal
